
Microsoft Visual Studio Solution File, Format Version 12.00
# Visual Studio Version 17
VisualStudioVersion = 17.5.002.0
MinimumVisualStudioVersion = 10.0.40219.1
Project("{9A19103F-16F7-4668-BE54-9A1E7A4F7556}") = "SaleByMatch", "SaleByMatch.csproj", "{BBD12F41-A196-4D0B-9D23-E88869EBF834}"
EndProject
Global
	GlobalSection(SolutionConfigurationPlatforms) = preSolution
		Debug|Any CPU = Debug|Any CPU
		Release|Any CPU = Release|Any CPU
	EndGlobalSection
	GlobalSection(ProjectConfigurationPlatforms) = postSolution
		{BBD12F41-A196-4D0B-9D23-E88869EBF834}.Debug|Any CPU.ActiveCfg = Debug|Any CPU
		{BBD12F41-A196-4D0B-9D23-E88869EBF834}.Debug|Any CPU.Build.0 = Debug|Any CPU
		{BBD12F41-A196-4D0B-9D23-E88869EBF834}.Release|Any CPU.ActiveCfg = Release|Any CPU
		{BBD12F41-A196-4D0B-9D23-E88869EBF834}.Release|Any CPU.Build.0 = Release|Any CPU
	EndGlobalSection
	GlobalSection(SolutionProperties) = preSolution
		HideSolutionNode = FALSE
	EndGlobalSection
	GlobalSection(ExtensibilityGlobals) = postSolution
		SolutionGuid = {A8E6F32F-BA99-4B67-B641-E06C16E34119}
	EndGlobalSection
EndGlobal
